
Microsoft Visual Studio Solution File, Format Version 12.00
# Visual Studio Version 17
VisualStudioVersion = 17.9.34616.47
MinimumVisualStudioVersion = 10.0.40219.1
Project("{9A19103F-16F7-4668-BE54-9A1E7A4F7556}") = "App", "OctetConversion\App.csproj", "{A5A1DC3F-491F-493B-A03A-1329C8A3CE3B}"
EndProject
Project("{9A19103F-16F7-4668-BE54-9A1E7A4F7556}") = "CodinGame_Wa_Test", "OctetConversionTest\CodinGame_Wa_Test.csproj", "{09BEF8DC-8FB1-4677-9A0A-B789E3A42DF5}"
EndProject
Project("{9A19103F-16F7-4668-BE54-9A1E7A4F7556}") = "CodinGame_WA", "OctetConversionLib\CodinGame_WA.csproj", "{F925D4A0-2CD2-42EA-8D9D-BCC61AEACD51}"
EndProject
Project("{FAE04EC0-301F-11D3-BF4B-00C04F79EFBC}") = "CodeWars", "CodeWars\CodeWars.csproj", "{97C68029-33D1-47FF-A06D-65DDC2323AAB}"
EndProject
Project("{FAE04EC0-301F-11D3-BF4B-00C04F79EFBC}") = "CodeWars_Test", "CodeWars_Test\CodeWars_Test.csproj", "{EF492930-E48F-417A-9AD5-6140F1F91AEA}"
EndProject
Global
	GlobalSection(SolutionConfigurationPlatforms) = preSolution
		Debug|Any CPU = Debug|Any CPU
		Release|Any CPU = Release|Any CPU
	EndGlobalSection
	GlobalSection(ProjectConfigurationPlatforms) = postSolution
		{A5A1DC3F-491F-493B-A03A-1329C8A3CE3B}.Debug|Any CPU.ActiveCfg = Debug|Any CPU
		{A5A1DC3F-491F-493B-A03A-1329C8A3CE3B}.Debug|Any CPU.Build.0 = Debug|Any CPU
		{A5A1DC3F-491F-493B-A03A-1329C8A3CE3B}.Release|Any CPU.ActiveCfg = Release|Any CPU
		{A5A1DC3F-491F-493B-A03A-1329C8A3CE3B}.Release|Any CPU.Build.0 = Release|Any CPU
		{09BEF8DC-8FB1-4677-9A0A-B789E3A42DF5}.Debug|Any CPU.ActiveCfg = Debug|Any CPU
		{09BEF8DC-8FB1-4677-9A0A-B789E3A42DF5}.Debug|Any CPU.Build.0 = Debug|Any CPU
		{09BEF8DC-8FB1-4677-9A0A-B789E3A42DF5}.Release|Any CPU.ActiveCfg = Release|Any CPU
		{09BEF8DC-8FB1-4677-9A0A-B789E3A42DF5}.Release|Any CPU.Build.0 = Release|Any CPU
		{F925D4A0-2CD2-42EA-8D9D-BCC61AEACD51}.Debug|Any CPU.ActiveCfg = Debug|Any CPU
		{F925D4A0-2CD2-42EA-8D9D-BCC61AEACD51}.Debug|Any CPU.Build.0 = Debug|Any CPU
		{F925D4A0-2CD2-42EA-8D9D-BCC61AEACD51}.Release|Any CPU.ActiveCfg = Release|Any CPU
		{F925D4A0-2CD2-42EA-8D9D-BCC61AEACD51}.Release|Any CPU.Build.0 = Release|Any CPU
		{97C68029-33D1-47FF-A06D-65DDC2323AAB}.Debug|Any CPU.ActiveCfg = Debug|Any CPU
		{97C68029-33D1-47FF-A06D-65DDC2323AAB}.Debug|Any CPU.Build.0 = Debug|Any CPU
		{97C68029-33D1-47FF-A06D-65DDC2323AAB}.Release|Any CPU.ActiveCfg = Release|Any CPU
		{97C68029-33D1-47FF-A06D-65DDC2323AAB}.Release|Any CPU.Build.0 = Release|Any CPU
		{EF492930-E48F-417A-9AD5-6140F1F91AEA}.Debug|Any CPU.ActiveCfg = Debug|Any CPU
		{EF492930-E48F-417A-9AD5-6140F1F91AEA}.Debug|Any CPU.Build.0 = Debug|Any CPU
		{EF492930-E48F-417A-9AD5-6140F1F91AEA}.Release|Any CPU.ActiveCfg = Release|Any CPU
		{EF492930-E48F-417A-9AD5-6140F1F91AEA}.Release|Any CPU.Build.0 = Release|Any CPU
	EndGlobalSection
	GlobalSection(SolutionProperties) = preSolution
		HideSolutionNode = FALSE
	EndGlobalSection
	GlobalSection(ExtensibilityGlobals) = postSolution
		SolutionGuid = {49803509-06BE-4F10-96E7-52E560F19942}
	EndGlobalSection
EndGlobal
